
Microsoft Visual Studio Solution File, Format Version 12.00
# Visual Studio Version 17
VisualStudioVersion = 17.3.32811.315
MinimumVisualStudioVersion = 10.0.40219.1
Project("{9A19103F-16F7-4668-BE54-9A1E7A4F7556}") = "CSharpProject", "CSharpProject\CSharpProject.csproj", "{339B026F-EBC1-4596-804B-1D2CE5A356F3}"
EndProject
Global
	GlobalSection(SolutionConfigurationPlatforms) = preSolution
		Debug|Any CPU = Debug|Any CPU
		Release|Any CPU = Release|Any CPU
	EndGlobalSection
	GlobalSection(ProjectConfigurationPlatforms) = postSolution
		{339B026F-EBC1-4596-804B-1D2CE5A356F3}.Debug|Any CPU.ActiveCfg = Debug|Any CPU
		{339B026F-EBC1-4596-804B-1D2CE5A356F3}.Debug|Any CPU.Build.0 = Debug|Any CPU
		{339B026F-EBC1-4596-804B-1D2CE5A356F3}.Release|Any CPU.ActiveCfg = Release|Any CPU
		{339B026F-EBC1-4596-804B-1D2CE5A356F3}.Release|Any CPU.Build.0 = Release|Any CPU
	EndGlobalSection
	GlobalSection(SolutionProperties) = preSolution
		HideSolutionNode = FALSE
	EndGlobalSection
	GlobalSection(ExtensibilityGlobals) = postSolution
		SolutionGuid = {2F7659A4-E9F1-4E0E-A117-767FA5752D4F}
	EndGlobalSection
EndGlobal
